{
  "name": "train-12306",
  "lockfileVersion": 3,
  "requires": true,
  "packages": {
    "": {
      "dependencies": {
        "pinyin-pro": "^3.24.2"
      }
    },
    "node_modules/pinyin-pro": {
      "version": "3.24.2",
      "resolved": "https://registry.npmmirror.com/pinyin-pro/-/pinyin-pro-3.24.2.tgz",
      "integrity": "sha512-5tPyLhxT4CZ9dWqQRqm3X5ADdS18Sb2w0ranNBgr6jCrqO4O8gtfuyqG7Y6+1Mre+0n2VlhKDz+3P5oqSLrkOw=="
    }
  }
}
